
Microsoft Visual Studio Solution File, Format Version 12.00
# Visual Studio Version 17
VisualStudioVersion = 17.11.35222.181
MinimumVisualStudioVersion = 10.0.40219.1
Project("{9A19103F-16F7-4668-BE54-9A1E7A4F7556}") = "DataServiceExample", "DataServiceExample\DataServiceExample.csproj", "{A7D303FE-FB03-4B9E-B0BF-829F771254C9}"
EndProject
Project("{FAE04EC0-301F-11D3-BF4B-00C04F79EFBC}") = "DataServiceExampleTests", "DataServiceExampleTests\DataServiceExampleTests.csproj", "{6C665F6C-0070-41CD-B3AF-384CA16DBE1A}"
EndProject
Global
	GlobalSection(SolutionConfigurationPlatforms) = preSolution
		Debug|Any CPU = Debug|Any CPU
		Release|Any CPU = Release|Any CPU
	EndGlobalSection
	GlobalSection(ProjectConfigurationPlatforms) = postSolution
		{A7D303FE-FB03-4B9E-B0BF-829F771254C9}.Debug|Any CPU.ActiveCfg = Debug|Any CPU
		{A7D303FE-FB03-4B9E-B0BF-829F771254C9}.Debug|Any CPU.Build.0 = Debug|Any CPU
		{A7D303FE-FB03-4B9E-B0BF-829F771254C9}.Release|Any CPU.ActiveCfg = Release|Any CPU
		{A7D303FE-FB03-4B9E-B0BF-829F771254C9}.Release|Any CPU.Build.0 = Release|Any CPU
		{6C665F6C-0070-41CD-B3AF-384CA16DBE1A}.Debug|Any CPU.ActiveCfg = Debug|Any CPU
		{6C665F6C-0070-41CD-B3AF-384CA16DBE1A}.Debug|Any CPU.Build.0 = Debug|Any CPU
		{6C665F6C-0070-41CD-B3AF-384CA16DBE1A}.Release|Any CPU.ActiveCfg = Release|Any CPU
		{6C665F6C-0070-41CD-B3AF-384CA16DBE1A}.Release|Any CPU.Build.0 = Release|Any CPU
	EndGlobalSection
	GlobalSection(SolutionProperties) = preSolution
		HideSolutionNode = FALSE
	EndGlobalSection
	GlobalSection(ExtensibilityGlobals) = postSolution
		SolutionGuid = {373D39B3-AC8D-40ED-93CB-B181C8A6818F}
	EndGlobalSection
EndGlobal
